
Microsoft Visual Studio Solution File, Format Version 12.00
# Visual Studio Version 16
VisualStudioVersion = 16.0.30503.244
MinimumVisualStudioVersion = 10.0.40219.1
Project("{FAE04EC0-301F-11D3-BF4B-00C04F79EFBC}") = "UserMaintenance", "UserMaintenance.csproj", "{3ABC18CF-E1EA-4E71-95A3-C7F1881F8599}"
EndProject
Project("{FAE04EC0-301F-11D3-BF4B-00C04F79EFBC}") = "Excel_export", "..\Excel_export\Excel_export.csproj", "{37CB6ADE-DD63-4493-A289-E6015C4BB8AB}"
EndProject
Project("{FAE04EC0-301F-11D3-BF4B-00C04F79EFBC}") = "PoC_MNB", "..\PoC_MNB\PoC_MNB.csproj", "{A0866AE6-EC63-4629-857E-4637A913300A}"
EndProject
Project("{FAE04EC0-301F-11D3-BF4B-00C04F79EFBC}") = "Population_Simulation", "..\Population_Simulation\Population_Simulation.csproj", "{29E04619-EC41-499E-A37A-986AFBA1DA2F}"
EndProject
Project("{FAE04EC0-301F-11D3-BF4B-00C04F79EFBC}") = "Factory_ptrn", "..\Factory_ptrn\Factory_ptrn.csproj", "{71A18CF1-E513-4ABD-869B-C53245E02B61}"
EndProject
Global
	GlobalSection(SolutionConfigurationPlatforms) = preSolution
		Debug|Any CPU = Debug|Any CPU
		Release|Any CPU = Release|Any CPU
	EndGlobalSection
	GlobalSection(ProjectConfigurationPlatforms) = postSolution
		{3ABC18CF-E1EA-4E71-95A3-C7F1881F8599}.Debug|Any CPU.ActiveCfg = Debug|Any CPU
		{3ABC18CF-E1EA-4E71-95A3-C7F1881F8599}.Debug|Any CPU.Build.0 = Debug|Any CPU
		{3ABC18CF-E1EA-4E71-95A3-C7F1881F8599}.Release|Any CPU.ActiveCfg = Release|Any CPU
		{3ABC18CF-E1EA-4E71-95A3-C7F1881F8599}.Release|Any CPU.Build.0 = Release|Any CPU
		{37CB6ADE-DD63-4493-A289-E6015C4BB8AB}.Debug|Any CPU.ActiveCfg = Debug|Any CPU
		{37CB6ADE-DD63-4493-A289-E6015C4BB8AB}.Debug|Any CPU.Build.0 = Debug|Any CPU
		{37CB6ADE-DD63-4493-A289-E6015C4BB8AB}.Release|Any CPU.ActiveCfg = Release|Any CPU
		{37CB6ADE-DD63-4493-A289-E6015C4BB8AB}.Release|Any CPU.Build.0 = Release|Any CPU
		{A0866AE6-EC63-4629-857E-4637A913300A}.Debug|Any CPU.ActiveCfg = Debug|Any CPU
		{A0866AE6-EC63-4629-857E-4637A913300A}.Debug|Any CPU.Build.0 = Debug|Any CPU
		{A0866AE6-EC63-4629-857E-4637A913300A}.Release|Any CPU.ActiveCfg = Release|Any CPU
		{A0866AE6-EC63-4629-857E-4637A913300A}.Release|Any CPU.Build.0 = Release|Any CPU
		{29E04619-EC41-499E-A37A-986AFBA1DA2F}.Debug|Any CPU.ActiveCfg = Debug|Any CPU
		{29E04619-EC41-499E-A37A-986AFBA1DA2F}.Debug|Any CPU.Build.0 = Debug|Any CPU
		{29E04619-EC41-499E-A37A-986AFBA1DA2F}.Release|Any CPU.ActiveCfg = Release|Any CPU
		{29E04619-EC41-499E-A37A-986AFBA1DA2F}.Release|Any CPU.Build.0 = Release|Any CPU
		{71A18CF1-E513-4ABD-869B-C53245E02B61}.Debug|Any CPU.ActiveCfg = Debug|Any CPU
		{71A18CF1-E513-4ABD-869B-C53245E02B61}.Debug|Any CPU.Build.0 = Debug|Any CPU
		{71A18CF1-E513-4ABD-869B-C53245E02B61}.Release|Any CPU.ActiveCfg = Release|Any CPU
		{71A18CF1-E513-4ABD-869B-C53245E02B61}.Release|Any CPU.Build.0 = Release|Any CPU
	EndGlobalSection
	GlobalSection(SolutionProperties) = preSolution
		HideSolutionNode = FALSE
	EndGlobalSection
	GlobalSection(ExtensibilityGlobals) = postSolution
		SolutionGuid = {20AEA00F-2B92-4475-9B36-6ABD1B21C527}
	EndGlobalSection
EndGlobal
