
Microsoft Visual Studio Solution File, Format Version 12.00
# Visual Studio Version 16
VisualStudioVersion = 16.0.30517.126
MinimumVisualStudioVersion = 10.0.40219.1
Project("{FAE04EC0-301F-11D3-BF4B-00C04F79EFBC}") = "WHG_evolution", "WHG_evolution.csproj", "{CA430833-7827-4A34-8D8B-730A3441B182}"
EndProject
Global
	GlobalSection(SolutionConfigurationPlatforms) = preSolution
		Debug|Any CPU = Debug|Any CPU
		Release|Any CPU = Release|Any CPU
	EndGlobalSection
	GlobalSection(ProjectConfigurationPlatforms) = postSolution
		{CA430833-7827-4A34-8D8B-730A3441B182}.Debug|Any CPU.ActiveCfg = Debug|Any CPU
		{CA430833-7827-4A34-8D8B-730A3441B182}.Debug|Any CPU.Build.0 = Debug|Any CPU
		{CA430833-7827-4A34-8D8B-730A3441B182}.Release|Any CPU.ActiveCfg = Release|Any CPU
		{CA430833-7827-4A34-8D8B-730A3441B182}.Release|Any CPU.Build.0 = Release|Any CPU
	EndGlobalSection
	GlobalSection(SolutionProperties) = preSolution
		HideSolutionNode = FALSE
	EndGlobalSection
	GlobalSection(ExtensibilityGlobals) = postSolution
		SolutionGuid = {9EDC2AFC-337D-4FAD-B9BD-D61B0396AD9D}
	EndGlobalSection
EndGlobal
